
Microsoft Visual Studio Solution File, Format Version 12.00
# Visual Studio Version 16
VisualStudioVersion = 16.0.31321.278
MinimumVisualStudioVersion = 10.0.40219.1
Project("{FAE04EC0-301F-11D3-BF4B-00C04F79EFBC}") = "TipCalculatorDemo", "TipCalculatorDemo\TipCalculatorDemo.csproj", "{1DA5A2C9-50FF-4B8F-976B-96FB2C234197}"
EndProject
Global
	GlobalSection(SolutionConfigurationPlatforms) = preSolution
		Debug|Any CPU = Debug|Any CPU
		Release|Any CPU = Release|Any CPU
	EndGlobalSection
	GlobalSection(ProjectConfigurationPlatforms) = postSolution
		{1DA5A2C9-50FF-4B8F-976B-96FB2C234197}.Debug|Any CPU.ActiveCfg = Debug|Any CPU
		{1DA5A2C9-50FF-4B8F-976B-96FB2C234197}.Debug|Any CPU.Build.0 = Debug|Any CPU
		{1DA5A2C9-50FF-4B8F-976B-96FB2C234197}.Release|Any CPU.ActiveCfg = Release|Any CPU
		{1DA5A2C9-50FF-4B8F-976B-96FB2C234197}.Release|Any CPU.Build.0 = Release|Any CPU
	EndGlobalSection
	GlobalSection(SolutionProperties) = preSolution
		HideSolutionNode = FALSE
	EndGlobalSection
	GlobalSection(ExtensibilityGlobals) = postSolution
		SolutionGuid = {DCC6FDFE-6EAB-4E19-8EF9-A4D3C683B468}
	EndGlobalSection
EndGlobal
